
Microsoft Visual Studio Solution File, Format Version 12.00
# Visual Studio Version 17
VisualStudioVersion = 17.9.34714.143
MinimumVisualStudioVersion = 10.0.40219.1
Project("{FAE04EC0-301F-11D3-BF4B-00C04F79EFBC}") = "ConsoleApp2", "ConsoleApp2.csproj", "{1DC2B818-C6E9-4C2E-AFEF-AD7B5505CAA1}"
EndProject
Global
	GlobalSection(SolutionConfigurationPlatforms) = preSolution
		Debug|Any CPU = Debug|Any CPU
		Release|Any CPU = Release|Any CPU
	EndGlobalSection
	GlobalSection(ProjectConfigurationPlatforms) = postSolution
		{1DC2B818-C6E9-4C2E-AFEF-AD7B5505CAA1}.Debug|Any CPU.ActiveCfg = Debug|Any CPU
		{1DC2B818-C6E9-4C2E-AFEF-AD7B5505CAA1}.Debug|Any CPU.Build.0 = Debug|Any CPU
		{1DC2B818-C6E9-4C2E-AFEF-AD7B5505CAA1}.Release|Any CPU.ActiveCfg = Release|Any CPU
		{1DC2B818-C6E9-4C2E-AFEF-AD7B5505CAA1}.Release|Any CPU.Build.0 = Release|Any CPU
	EndGlobalSection
	GlobalSection(SolutionProperties) = preSolution
		HideSolutionNode = FALSE
	EndGlobalSection
	GlobalSection(ExtensibilityGlobals) = postSolution
		SolutionGuid = {5C390F1B-63B3-4715-9F9E-32C6F8737CCE}
	EndGlobalSection
EndGlobal
